// !$*UTF8*$!
{
	archiveVersion = 1;
	classes = {
	};
	objectVersion = 56;
	objects = {

/* Begin PBXBuildFile section */
		028CE0D22C73973B0088D3FD /* RecentTransactionList.swift in Sources */ = {isa = PBXBuildFile; fileRef = 028CE0D12C73973B0088D3FD /* RecentTransactionList.swift */; };
		02D1A1712C5E5A760072746C /* ExpenseTrackerApp.swift in Sources */ = {isa = PBXBuildFile; fileRef = 02D1A1702C5E5A760072746C /* ExpenseTrackerApp.swift */; };
		02D1A1732C5E5A760072746C /* ContentView.swift in Sources */ = {isa = PBXBuildFile; fileRef = 02D1A1722C5E5A760072746C /* ContentView.swift */; };
		02D1A1752C5E5A770072746C /* Assets.xcassets in Resources */ = {isa = PBXBuildFile; fileRef = 02D1A1742C5E5A770072746C /* Assets.xcassets */; };
		02D1A1782C5E5A770072746C /* Preview Assets.xcassets in Resources */ = {isa = PBXBuildFile; fileRef = 02D1A1772C5E5A770072746C /* Preview Assets.xcassets */; };
		02D1A17F2C5E5DE60072746C /* Extensions.swift in Sources */ = {isa = PBXBuildFile; fileRef = 02D1A17E2C5E5DE60072746C /* Extensions.swift */; };
		02F7DF442C6CFC800020F2EF /* TranscationModel.swift in Sources */ = {isa = PBXBuildFile; fileRef = 02F7DF432C6CFC800020F2EF /* TranscationModel.swift */; };
		02F7DF462C6CFDDD0020F2EF /* PreviewData.swift in Sources */ = {isa = PBXBuildFile; fileRef = 02F7DF452C6CFDDD0020F2EF /* PreviewData.swift */; };
		02F7DF482C6CFF170020F2EF /* TransactionRow.swift in Sources */ = {isa = PBXBuildFile; fileRef = 02F7DF472C6CFF170020F2EF /* TransactionRow.swift */; };
		02F7DF4B2C6D05800020F2EF /* SwiftUIFontIcon in Frameworks */ = {isa = PBXBuildFile; productRef = 02F7DF4A2C6D05800020F2EF /* SwiftUIFontIcon */; };
		02F7DF4D2C6D06190020F2EF /* TranscationListViewModel.swift in Sources */ = {isa = PBXBuildFile; fileRef = 02F7DF4C2C6D06190020F2EF /* TranscationListViewModel.swift */; };
/* End PBXBuildFile section */

/* Begin PBXFileReference section */
		028CE0D12C73973B0088D3FD /* RecentTransactionList.swift */ = {isa = PBXFileReference; lastKnownFileType = sourcecode.swift; path = RecentTransactionList.swift; sourceTree = "<group>"; };
		02D1A16D2C5E5A760072746C /* ExpenseTracker.app */ = {isa = PBXFileReference; explicitFileType = wrapper.application; includeInIndex = 0; path = ExpenseTracker.app; sourceTree = BUILT_PRODUCTS_DIR; };
		02D1A1702C5E5A760072746C /* ExpenseTrackerApp.swift */ = {isa = PBXFileReference; lastKnownFileType = sourcecode.swift; path = ExpenseTrackerApp.swift; sourceTree = "<group>"; };
		02D1A1722C5E5A760072746C /* ContentView.swift */ = {isa = PBXFileReference; lastKnownFileType = sourcecode.swift; path = ContentView.swift; sourceTree = "<group>"; };
		02D1A1742C5E5A770072746C /* Assets.xcassets */ = {isa = PBXFileReference; lastKnownFileType = folder.assetcatalog; path = Assets.xcassets; sourceTree = "<group>"; };
		02D1A1772C5E5A770072746C /* Preview Assets.xcassets */ = {isa = PBXFileReference; lastKnownFileType = folder.assetcatalog; path = "Preview Assets.xcassets"; sourceTree = "<group>"; };
		02D1A17E2C5E5DE60072746C /* Extensions.swift */ = {isa = PBXFileReference; lastKnownFileType = sourcecode.swift; path = Extensions.swift; sourceTree = "<group>"; };
		02F7DF432C6CFC800020F2EF /* TranscationModel.swift */ = {isa = PBXFileReference; lastKnownFileType = sourcecode.swift; path = TranscationModel.swift; sourceTree = "<group>"; };
		02F7DF452C6CFDDD0020F2EF /* PreviewData.swift */ = {isa = PBXFileReference; lastKnownFileType = sourcecode.swift; path = PreviewData.swift; sourceTree = "<group>"; };
		02F7DF472C6CFF170020F2EF /* TransactionRow.swift */ = {isa = PBXFileReference; lastKnownFileType = sourcecode.swift; path = TransactionRow.swift; sourceTree = "<group>"; };
		02F7DF4C2C6D06190020F2EF /* TranscationListViewModel.swift */ = {isa = PBXFileReference; lastKnownFileType = sourcecode.swift; path = TranscationListViewModel.swift; sourceTree = "<group>"; };
/* End PBXFileReference section */

/* Begin PBXFrameworksBuildPhase section */
		02D1A16A2C5E5A760072746C /* Frameworks */ = {
			isa = PBXFrameworksBuildPhase;
			buildActionMask = 2147483647;
			files = (
				02F7DF4B2C6D05800020F2EF /* SwiftUIFontIcon in Frameworks */,
			);
			runOnlyForDeploymentPostprocessing = 0;
		};
/* End PBXFrameworksBuildPhase section */

/* Begin PBXGroup section */
		02D1A1642C5E5A750072746C = {
			isa = PBXGroup;
			children = (
				02D1A16F2C5E5A760072746C /* ExpenseTracker */,
				02D1A16E2C5E5A760072746C /* Products */,
			);
			sourceTree = "<group>";
		};
		02D1A16E2C5E5A760072746C /* Products */ = {
			isa = PBXGroup;
			children = (
				02D1A16D2C5E5A760072746C /* ExpenseTracker.app */,
			);
			name = Products;
			sourceTree = "<group>";
		};
		02D1A16F2C5E5A760072746C /* ExpenseTracker */ = {
			isa = PBXGroup;
			children = (
				02D1A1702C5E5A760072746C /* ExpenseTrackerApp.swift */,
				02D1A1722C5E5A760072746C /* ContentView.swift */,
				028CE0D12C73973B0088D3FD /* RecentTransactionList.swift */,
				02F7DF472C6CFF170020F2EF /* TransactionRow.swift */,
				02F7DF4C2C6D06190020F2EF /* TranscationListViewModel.swift */,
				02F7DF432C6CFC800020F2EF /* TranscationModel.swift */,
				02F7DF452C6CFDDD0020F2EF /* PreviewData.swift */,
				02D1A17E2C5E5DE60072746C /* Extensions.swift */,
				02D1A1742C5E5A770072746C /* Assets.xcassets */,
				02D1A1762C5E5A770072746C /* Preview Content */,
			);
			path = ExpenseTracker;
			sourceTree = "<group>";
		};
		02D1A1762C5E5A770072746C /* Preview Content */ = {
			isa = PBXGroup;
			children = (
				02D1A1772C5E5A770072746C /* Preview Assets.xcassets */,
			);
			path = "Preview Content";
			sourceTree = "<group>";
		};
/* End PBXGroup section */

/* Begin PBXNativeTarget section */
		02D1A16C2C5E5A760072746C /* ExpenseTracker */ = {
			isa = PBXNativeTarget;
			buildConfigurationList = 02D1A17B2C5E5A770072746C /* Build configuration list for PBXNativeTarget "ExpenseTracker" */;
			buildPhases = (
				02D1A1692C5E5A760072746C /* Sources */,
				02D1A16A2C5E5A760072746C /* Frameworks */,
				02D1A16B2C5E5A760072746C /* Resources */,
			);
			buildRules = (
			);
			dependencies = (
			);
			name = ExpenseTracker;
			packageProductDependencies = (
				02F7DF4A2C6D05800020F2EF /* SwiftUIFontIcon */,
			);
			productName = ExpenseTracker;
			productReference = 02D1A16D2C5E5A760072746C /* ExpenseTracker.app */;
			productType = "com.apple.product-type.application";
		};
/* End PBXNativeTarget section */

/* Begin PBXProject section */
		02D1A1652C5E5A750072746C /* Project object */ = {
			isa = PBXProject;
			attributes = {
				BuildIndependentTargetsInParallel = 1;
				LastSwiftUpdateCheck = 1540;
				LastUpgradeCheck = 1540;
				TargetAttributes = {
					02D1A16C2C5E5A760072746C = {
						CreatedOnToolsVersion = 15.4;
					};
				};
			};
			buildConfigurationList = 02D1A1682C5E5A750072746C /* Build configuration list for PBXProject "ExpenseTracker" */;
			compatibilityVersion = "Xcode 14.0";
			developmentRegion = en;
			hasScannedForEncodings = 0;
			knownRegions = (
				en,
				Base,
			);
			mainGroup = 02D1A1642C5E5A750072746C;
			packageReferences = (
				02F7DF492C6D05800020F2EF /* XCRemoteSwiftPackageReference "SwiftUIFontIcon" */,
			);
			productRefGroup = 02D1A16E2C5E5A760072746C /* Products */;
			projectDirPath = "";
			projectRoot = "";
			targets = (
				02D1A16C2C5E5A760072746C /* ExpenseTracker */,
			);
		};
/* End PBXProject section */

/* Begin PBXResourcesBuildPhase section */
		02D1A16B2C5E5A760072746C /* Resources */ = {
			isa = PBXResourcesBuildPhase;
			buildActionMask = 2147483647;
			files = (
				02D1A1782C5E5A770072746C /* Preview Assets.xcassets in Resources */,
				02D1A1752C5E5A770072746C /* Assets.xcassets in Resources */,
			);
			runOnlyForDeploymentPostprocessing = 0;
		};
/* End PBXResourcesBuildPhase section */

/* Begin PBXSourcesBuildPhase section */
		02D1A1692C5E5A760072746C /* Sources */ = {
			isa = PBXSourcesBuildPhase;
			buildActionMask = 2147483647;
			files = (
				02F7DF462C6CFDDD0020F2EF /* PreviewData.swift in Sources */,
				02F7DF442C6CFC800020F2EF /* TranscationModel.swift in Sources */,
				02D1A17F2C5E5DE60072746C /* Extensions.swift in Sources */,
				02F7DF482C6CFF170020F2EF /* TransactionRow.swift in Sources */,
				02D1A1732C5E5A760072746C /* ContentView.swift in Sources */,
				028CE0D22C73973B0088D3FD /* RecentTransactionList.swift in Sources */,
				02D1A1712C5E5A760072746C /* ExpenseTrackerApp.swift in Sources */,
				02F7DF4D2C6D06190020F2EF /* TranscationListViewModel.swift in Sources */,
			);
			runOnlyForDeploymentPostprocessing = 0;
		};
/* End PBXSourcesBuildPhase section */

/* Begin XCBuildConfiguration section */
		02D1A1792C5E5A770072746C /* Debug */ = {
			isa = XCBuildConfiguration;
			buildSettings = {
				ALWAYS_SEARCH_USER_PATHS = NO;
				ASSETCATALOG_COMPILER_GENERATE_SWIFT_ASSET_SYMBOL_EXTENSIONS = YES;
				CLANG_ANALYZER_NONNULL = YES;
				CLANG_ANALYZER_NUMBER_OBJECT_CONVERSION = YES_AGGRESSIVE;
				CLANG_CXX_LANGUAGE_STANDARD = "gnu++20";
				CLANG_ENABLE_MODULES = YES;
				CLANG_ENABLE_OBJC_ARC = YES;
				CLANG_ENABLE_OBJC_WEAK = YES;
				CLANG_WARN_BLOCK_CAPTURE_AUTORELEASING = YES;
				CLANG_WARN_BOOL_CONVERSION = YES;
				CLANG_WARN_COMMA = YES;
				CLANG_WARN_CONSTANT_CONVERSION = YES;
				CLANG_WARN_DEPRECATED_OBJC_IMPLEMENTATIONS = YES;
				CLANG_WARN_DIRECT_OBJC_ISA_USAGE = YES_ERROR;
				CLANG_WARN_DOCUMENTATION_COMMENTS = YES;
				CLANG_WARN_EMPTY_BODY = YES;
				CLANG_WARN_ENUM_CONVERSION = YES;
				CLANG_WARN_INFINITE_RECURSION = YES;
				CLANG_WARN_INT_CONVERSION = YES;
				CLANG_WARN_NON_LITERAL_NULL_CONVERSION = YES;
				CLANG_WARN_OBJC_IMPLICIT_RETAIN_SELF = YES;
				CLANG_WARN_OBJC_LITERAL_CONVERSION = YES;
				CLANG_WARN_OBJC_ROOT_CLASS = YES_ERROR;
				CLANG_WARN_QUOTED_INCLUDE_IN_FRAMEWORK_HEADER = YES;
				CLANG_WARN_RANGE_LOOP_ANALYSIS = YES;
				CLANG_WARN_STRICT_PROTOTYPES = YES;
				CLANG_WARN_SUSPICIOUS_MOVE = YES;
				CLANG_WARN_UNGUARDED_AVAILABILITY = YES_AGGRESSIVE;
				CLANG_WARN_UNREACHABLE_CODE = YES;
				CLANG_WARN__DUPLICATE_METHOD_MATCH = YES;
				COPY_PHASE_STRIP = NO;
				DEBUG_INFORMATION_FORMAT = dwarf;
				ENABLE_STRICT_OBJC_MSGSEND = YES;
				ENABLE_TESTABILITY = YES;
				ENABLE_USER_SCRIPT_SANDBOXING = YES;
				GCC_C_LANGUAGE_STANDARD = gnu17;
				GCC_DYNAMIC_NO_PIC = NO;
				GCC_NO_COMMON_BLOCKS = YES;
				GCC_OPTIMIZATION_LEVEL = 0;
				GCC_PREPROCESSOR_DEFINITIONS = (
					"DEBUG=1",
					"$(inherited)",
				);
				GCC_WARN_64_TO_32_BIT_CONVERSION = YES;
				GCC_WARN_ABOUT_RETURN_TYPE = YES_ERROR;
				GCC_WARN_UNDECLARED_SELECTOR = YES;
				GCC_WARN_UNINITIALIZED_AUTOS = YES_AGGRESSIVE;
				GCC_WARN_UNUSED_FUNCTION = YES;
				GCC_WARN_UNUSED_VARIABLE = YES;
				IPHONEOS_DEPLOYMENT_TARGET = 17.5;
				LOCALIZATION_PREFERS_STRING_CATALOGS = YES;
				MTL_ENABLE_DEBUG_INFO = INCLUDE_SOURCE;
				MTL_FAST_MATH = YES;
				ONLY_ACTIVE_ARCH = YES;
				SDKROOT = iphoneos;
				SWIFT_ACTIVE_COMPILATION_CONDITIONS = "DEBUG $(inherited)";
				SWIFT_OPTIMIZATION_LEVEL = "-Onone";
			};
			name = Debug;
		};
		02D1A17A2C5E5A770072746C /* Release */ = {
			isa = XCBuildConfiguration;
			buildSettings = {
				ALWAYS_SEARCH_USER_PATHS = NO;
				ASSETCATALOG_COMPILER_GENERATE_SWIFT_ASSET_SYMBOL_EXTENSIONS = YES;
				CLANG_ANALYZER_NONNULL = YES;
				CLANG_ANALYZER_NUMBER_OBJECT_CONVERSION = YES_AGGRESSIVE;
				CLANG_CXX_LANGUAGE_STANDARD = "gnu++20";
				CLANG_ENABLE_MODULES = YES;
				CLANG_ENABLE_OBJC_ARC = YES;
				CLANG_ENABLE_OBJC_WEAK = YES;
				CLANG_WARN_BLOCK_CAPTURE_AUTORELEASING = YES;
				CLANG_WARN_BOOL_CONVERSION = YES;
				CLANG_WARN_COMMA = YES;
				CLANG_WARN_CONSTANT_CONVERSION = YES;
				CLANG_WARN_DEPRECATED_OBJC_IMPLEMENTATIONS = YES;
				CLANG_WARN_DIRECT_OBJC_ISA_USAGE = YES_ERROR;
				CLANG_WARN_DOCUMENTATION_COMMENTS = YES;
				CLANG_WARN_EMPTY_BODY = YES;
				CLANG_WARN_ENUM_CONVERSION = YES;
				CLANG_WARN_INFINITE_RECURSION = YES;
				CLANG_WARN_INT_CONVERSION = YES;
				CLANG_WARN_NON_LITERAL_NULL_CONVERSION = YES;
				CLANG_WARN_OBJC_IMPLICIT_RETAIN_SELF = YES;
				CLANG_WARN_OBJC_LITERAL_CONVERSION = YES;
				CLANG_WARN_OBJC_ROOT_CLASS = YES_ERROR;
				CLANG_WARN_QUOTED_INCLUDE_IN_FRAMEWORK_HEADER = YES;
				CLANG_WARN_RANGE_LOOP_ANALYSIS = YES;
				CLANG_WARN_STRICT_PROTOTYPES = YES;
				CLANG_WARN_SUSPICIOUS_MOVE = YES;
				CLANG_WARN_UNGUARDED_AVAILABILITY = YES_AGGRESSIVE;
				CLANG_WARN_UNREACHABLE_CODE = YES;
				CLANG_WARN__DUPLICATE_METHOD_MATCH = YES;
				COPY_PHASE_STRIP = NO;
				DEBUG_INFORMATION_FORMAT = "dwarf-with-dsym";
				ENABLE_NS_ASSERTIONS = NO;
				ENABLE_STRICT_OBJC_MSGSEND = YES;
				ENABLE_USER_SCRIPT_SANDBOXING = YES;
				GCC_C_LANGUAGE_STANDARD = gnu17;
				GCC_NO_COMMON_BLOCKS = YES;
				GCC_WARN_64_TO_32_BIT_CONVERSION = YES;
				GCC_WARN_ABOUT_RETURN_TYPE = YES_ERROR;
				GCC_WARN_UNDECLARED_SELECTOR = YES;
				GCC_WARN_UNINITIALIZED_AUTOS = YES_AGGRESSIVE;
				GCC_WARN_UNUSED_FUNCTION = YES;
				GCC_WARN_UNUSED_VARIABLE = YES;
				IPHONEOS_DEPLOYMENT_TARGET = 17.5;
				LOCALIZATION_PREFERS_STRING_CATALOGS = YES;
				MTL_ENABLE_DEBUG_INFO = NO;
				MTL_FAST_MATH = YES;
				SDKROOT = iphoneos;
				SWIFT_COMPILATION_MODE = wholemodule;
				VALIDATE_PRODUCT = YES;
			};
			name = Release;
		};
		02D1A17C2C5E5A770072746C /* Debug */ = {
			isa = XCBuildConfiguration;
			buildSettings = {
				ASSETCATALOG_COMPILER_APPICON_NAME = AppIcon;
				ASSETCATALOG_COMPILER_GLOBAL_ACCENT_COLOR_NAME = AccentColor;
				CODE_SIGN_STYLE = Automatic;
				CURRENT_PROJECT_VERSION = 1;
				DEVELOPMENT_ASSET_PATHS = "\"ExpenseTracker/Preview Content\"";
				DEVELOPMENT_TEAM = 873C79DZCG;
				ENABLE_PREVIEWS = YES;
				GENERATE_INFOPLIST_FILE = YES;
				INFOPLIST_KEY_UIApplicationSceneManifest_Generation = YES;
				INFOPLIST_KEY_UIApplicationSupportsIndirectInputEvents = YES;
				INFOPLIST_KEY_UILaunchScreen_Generation = YES;
				INFOPLIST_KEY_UISupportedInterfaceOrientations_iPad = "UIInterfaceOrientationPortrait UIInterfaceOrientationPortraitUpsideDown UIInterfaceOrientationLandscapeLeft UIInterfaceOrientationLandscapeRight";
				INFOPLIST_KEY_UISupportedInterfaceOrientations_iPhone = "UIInterfaceOrientationPortrait UIInterfaceOrientationLandscapeLeft UIInterfaceOrientationLandscapeRight";
				LD_RUNPATH_SEARCH_PATHS = (
					"$(inherited)",
					"@executable_path/Frameworks",
				);
				MARKETING_VERSION = 1.0;
				PRODUCT_BUNDLE_IDENTIFIER = Anshuman.ExpenseTracker;
				PRODUCT_NAME = "$(TARGET_NAME)";
				SWIFT_EMIT_LOC_STRINGS = YES;
				SWIFT_VERSION = 5.0;
				TARGETED_DEVICE_FAMILY = "1,2";
			};
			name = Debug;
		};
		02D1A17D2C5E5A770072746C /* Release */ = {
			isa = XCBuildConfiguration;
			buildSettings = {
				ASSETCATALOG_COMPILER_APPICON_NAME = AppIcon;
				ASSETCATALOG_COMPILER_GLOBAL_ACCENT_COLOR_NAME = AccentColor;
				CODE_SIGN_STYLE = Automatic;
				CURRENT_PROJECT_VERSION = 1;
				DEVELOPMENT_ASSET_PATHS = "\"ExpenseTracker/Preview Content\"";
				DEVELOPMENT_TEAM = 873C79DZCG;
				ENABLE_PREVIEWS = YES;
				GENERATE_INFOPLIST_FILE = YES;
				INFOPLIST_KEY_UIApplicationSceneManifest_Generation = YES;
				INFOPLIST_KEY_UIApplicationSupportsIndirectInputEvents = YES;
				INFOPLIST_KEY_UILaunchScreen_Generation = YES;
				INFOPLIST_KEY_UISupportedInterfaceOrientations_iPad = "UIInterfaceOrientationPortrait UIInterfaceOrientationPortraitUpsideDown UIInterfaceOrientationLandscapeLeft UIInterfaceOrientationLandscapeRight";
				INFOPLIST_KEY_UISupportedInterfaceOrientations_iPhone = "UIInterfaceOrientationPortrait UIInterfaceOrientationLandscapeLeft UIInterfaceOrientationLandscapeRight";
				LD_RUNPATH_SEARCH_PATHS = (
					"$(inherited)",
					"@executable_path/Frameworks",
				);
				MARKETING_VERSION = 1.0;
				PRODUCT_BUNDLE_IDENTIFIER = Anshuman.ExpenseTracker;
				PRODUCT_NAME = "$(TARGET_NAME)";
				SWIFT_EMIT_LOC_STRINGS = YES;
				SWIFT_VERSION = 5.0;
				TARGETED_DEVICE_FAMILY = "1,2";
			};
			name = Release;
		};
/* End XCBuildConfiguration section */

/* Begin XCConfigurationList section */
		02D1A1682C5E5A750072746C /* Build configuration list for PBXProject "ExpenseTracker" */ = {
			isa = XCConfigurationList;
			buildConfigurations = (
				02D1A1792C5E5A770072746C /* Debug */,
				02D1A17A2C5E5A770072746C /* Release */,
			);
			defaultConfigurationIsVisible = 0;
			defaultConfigurationName = Release;
		};
		02D1A17B2C5E5A770072746C /* Build configuration list for PBXNativeTarget "ExpenseTracker" */ = {
			isa = XCConfigurationList;
			buildConfigurations = (
				02D1A17C2C5E5A770072746C /* Debug */,
				02D1A17D2C5E5A770072746C /* Release */,
			);
			defaultConfigurationIsVisible = 0;
			defaultConfigurationName = Release;
		};
/* End XCConfigurationList section */

/* Begin XCRemoteSwiftPackageReference section */
		02F7DF492C6D05800020F2EF /* XCRemoteSwiftPackageReference "SwiftUIFontIcon" */ = {
			isa = XCRemoteSwiftPackageReference;
			repositoryURL = "https://github.com/huybuidac/SwiftUIFontIcon";
			requirement = {
				kind = upToNextMajorVersion;
				minimumVersion = 2.1.0;
			};
		};
/* End XCRemoteSwiftPackageReference section */

/* Begin XCSwiftPackageProductDependency section */
		02F7DF4A2C6D05800020F2EF /* SwiftUIFontIcon */ = {
			isa = XCSwiftPackageProductDependency;
			package = 02F7DF492C6D05800020F2EF /* XCRemoteSwiftPackageReference "SwiftUIFontIcon" */;
			productName = SwiftUIFontIcon;
		};
/* End XCSwiftPackageProductDependency section */
	};
	rootObject = 02D1A1652C5E5A750072746C /* Project object */;
}
